
Microsoft Visual Studio Solution File, Format Version 12.00
Project("{FAE04EC0-301F-11D3-BF4B-00C04F79EFBC}") = "MathParser", "MathParser\MathParser.csproj", "{61C2CE10-A1FD-4A0A-A0F7-6F2BFC850FBF}"
EndProject
Global
	GlobalSection(SolutionConfigurationPlatforms) = preSolution
		Debug|Any CPU = Debug|Any CPU
		Release|Any CPU = Release|Any CPU
	EndGlobalSection
	GlobalSection(ProjectConfigurationPlatforms) = postSolution
		{61C2CE10-A1FD-4A0A-A0F7-6F2BFC850FBF}.Debug|Any CPU.ActiveCfg = Debug|Any CPU
		{61C2CE10-A1FD-4A0A-A0F7-6F2BFC850FBF}.Debug|Any CPU.Build.0 = Debug|Any CPU
		{61C2CE10-A1FD-4A0A-A0F7-6F2BFC850FBF}.Release|Any CPU.ActiveCfg = Release|Any CPU
		{61C2CE10-A1FD-4A0A-A0F7-6F2BFC850FBF}.Release|Any CPU.Build.0 = Release|Any CPU
	EndGlobalSection
EndGlobal
